// !$*UTF8*$!
{
	archiveVersion = 1;
	classes = {
	};
	objectVersion = 50;
	objects = {

/* Begin PBXBuildFile section */
		4E54E50522A5310C004E7F3D /* IntExtension.swift in Sources */ = {isa = PBXBuildFile; fileRef = 4E54E50422A5310C004E7F3D /* IntExtension.swift */; };
		4ECCAD8A22A37B6D00ACF46E /* MyJson.swift in Sources */ = {isa = PBXBuildFile; fileRef = 4ECCAD8922A37B6D00ACF46E /* MyJson.swift */; };
		4EF0055022A31E9D00FEFCFD /* main.swift in Sources */ = {isa = PBXBuildFile; fileRef = 4EF0054F22A31E9D00FEFCFD /* main.swift */; };
		4EF0055722A3200900FEFCFD /* ConsoleIO.swift in Sources */ = {isa = PBXBuildFile; fileRef = 4EF0055622A3200900FEFCFD /* ConsoleIO.swift */; };
		4EF0055922A320C100FEFCFD /* OutputService.swift in Sources */ = {isa = PBXBuildFile; fileRef = 4EF0055822A320C100FEFCFD /* OutputService.swift */; };
		4EF0055F22A3271B00FEFCFD /* JsonModel.swift in Sources */ = {isa = PBXBuildFile; fileRef = 4EF0055E22A3271B00FEFCFD /* JsonModel.swift */; };
		4EF0056222A32A7A00FEFCFD /* StringExtension.swift in Sources */ = {isa = PBXBuildFile; fileRef = 4EF0056122A32A7A00FEFCFD /* StringExtension.swift */; };
/* End PBXBuildFile section */

/* Begin PBXCopyFilesBuildPhase section */
		4EF0054A22A31E9D00FEFCFD /* CopyFiles */ = {
			isa = PBXCopyFilesBuildPhase;
			buildActionMask = 2147483647;
			dstPath = /usr/share/man/man1/;
			dstSubfolderSpec = 0;
			files = (
			);
			runOnlyForDeploymentPostprocessing = 1;
		};
/* End PBXCopyFilesBuildPhase section */

/* Begin PBXFileReference section */
		4E54E50422A5310C004E7F3D /* IntExtension.swift */ = {isa = PBXFileReference; lastKnownFileType = sourcecode.swift; path = IntExtension.swift; sourceTree = "<group>"; };
		4ECCAD8922A37B6D00ACF46E /* MyJson.swift */ = {isa = PBXFileReference; lastKnownFileType = sourcecode.swift; path = MyJson.swift; sourceTree = "<group>"; };
		4EF0054C22A31E9D00FEFCFD /* CantinaProblem */ = {isa = PBXFileReference; explicitFileType = "compiled.mach-o.executable"; includeInIndex = 0; path = CantinaProblem; sourceTree = BUILT_PRODUCTS_DIR; };
		4EF0054F22A31E9D00FEFCFD /* main.swift */ = {isa = PBXFileReference; lastKnownFileType = sourcecode.swift; path = main.swift; sourceTree = "<group>"; };
		4EF0055622A3200900FEFCFD /* ConsoleIO.swift */ = {isa = PBXFileReference; lastKnownFileType = sourcecode.swift; path = ConsoleIO.swift; sourceTree = "<group>"; };
		4EF0055822A320C100FEFCFD /* OutputService.swift */ = {isa = PBXFileReference; lastKnownFileType = sourcecode.swift; path = OutputService.swift; sourceTree = "<group>"; };
		4EF0055E22A3271B00FEFCFD /* JsonModel.swift */ = {isa = PBXFileReference; lastKnownFileType = sourcecode.swift; path = JsonModel.swift; sourceTree = "<group>"; };
		4EF0056122A32A7A00FEFCFD /* StringExtension.swift */ = {isa = PBXFileReference; lastKnownFileType = sourcecode.swift; path = StringExtension.swift; sourceTree = "<group>"; };
/* End PBXFileReference section */

/* Begin PBXFrameworksBuildPhase section */
		4EF0054922A31E9D00FEFCFD /* Frameworks */ = {
			isa = PBXFrameworksBuildPhase;
			buildActionMask = 2147483647;
			files = (
			);
			runOnlyForDeploymentPostprocessing = 0;
		};
/* End PBXFrameworksBuildPhase section */

/* Begin PBXGroup section */
		4EF0054322A31E9D00FEFCFD = {
			isa = PBXGroup;
			children = (
				4ECCAD8922A37B6D00ACF46E /* MyJson.swift */,
				4EF0056022A32A4300FEFCFD /* Extension */,
				4EF0055B22A326F000FEFCFD /* model */,
				4EF0054E22A31E9D00FEFCFD /* CantinaProblem */,
				4EF0054D22A31E9D00FEFCFD /* Products */,
			);
			sourceTree = "<group>";
		};
		4EF0054D22A31E9D00FEFCFD /* Products */ = {
			isa = PBXGroup;
			children = (
				4EF0054C22A31E9D00FEFCFD /* CantinaProblem */,
			);
			name = Products;
			sourceTree = "<group>";
		};
		4EF0054E22A31E9D00FEFCFD /* CantinaProblem */ = {
			isa = PBXGroup;
			children = (
				4EF0054F22A31E9D00FEFCFD /* main.swift */,
				4EF0055622A3200900FEFCFD /* ConsoleIO.swift */,
				4EF0055822A320C100FEFCFD /* OutputService.swift */,
			);
			path = CantinaProblem;
			sourceTree = "<group>";
		};
		4EF0055B22A326F000FEFCFD /* model */ = {
			isa = PBXGroup;
			children = (
				4EF0055E22A3271B00FEFCFD /* JsonModel.swift */,
			);
			path = model;
			sourceTree = "<group>";
		};
		4EF0056022A32A4300FEFCFD /* Extension */ = {
			isa = PBXGroup;
			children = (
				4EF0056122A32A7A00FEFCFD /* StringExtension.swift */,
				4E54E50422A5310C004E7F3D /* IntExtension.swift */,
			);
			path = Extension;
			sourceTree = "<group>";
		};
/* End PBXGroup section */

/* Begin PBXNativeTarget section */
		4EF0054B22A31E9D00FEFCFD /* CantinaProblem */ = {
			isa = PBXNativeTarget;
			buildConfigurationList = 4EF0055322A31E9D00FEFCFD /* Build configuration list for PBXNativeTarget "CantinaProblem" */;
			buildPhases = (
				4EF0054822A31E9D00FEFCFD /* Sources */,
				4EF0054922A31E9D00FEFCFD /* Frameworks */,
				4EF0054A22A31E9D00FEFCFD /* CopyFiles */,
			);
			buildRules = (
			);
			dependencies = (
			);
			name = CantinaProblem;
			productName = CantinaProblem;
			productReference = 4EF0054C22A31E9D00FEFCFD /* CantinaProblem */;
			productType = "com.apple.product-type.tool";
		};
/* End PBXNativeTarget section */

/* Begin PBXProject section */
		4EF0054422A31E9D00FEFCFD /* Project object */ = {
			isa = PBXProject;
			attributes = {
				LastSwiftUpdateCheck = 1020;
				LastUpgradeCheck = 1020;
				ORGANIZATIONNAME = "Jian Ma";
				TargetAttributes = {
					4EF0054B22A31E9D00FEFCFD = {
						CreatedOnToolsVersion = 10.2.1;
					};
				};
			};
			buildConfigurationList = 4EF0054722A31E9D00FEFCFD /* Build configuration list for PBXProject "CantinaProblem" */;
			compatibilityVersion = "Xcode 9.3";
			developmentRegion = en;
			hasScannedForEncodings = 0;
			knownRegions = (
				en,
			);
			mainGroup = 4EF0054322A31E9D00FEFCFD;
			productRefGroup = 4EF0054D22A31E9D00FEFCFD /* Products */;
			projectDirPath = "";
			projectRoot = "";
			targets = (
				4EF0054B22A31E9D00FEFCFD /* CantinaProblem */,
			);
		};
/* End PBXProject section */

/* Begin PBXSourcesBuildPhase section */
		4EF0054822A31E9D00FEFCFD /* Sources */ = {
			isa = PBXSourcesBuildPhase;
			buildActionMask = 2147483647;
			files = (
				4EF0055022A31E9D00FEFCFD /* main.swift in Sources */,
				4EF0055F22A3271B00FEFCFD /* JsonModel.swift in Sources */,
				4E54E50522A5310C004E7F3D /* IntExtension.swift in Sources */,
				4EF0056222A32A7A00FEFCFD /* StringExtension.swift in Sources */,
				4ECCAD8A22A37B6D00ACF46E /* MyJson.swift in Sources */,
				4EF0055922A320C100FEFCFD /* OutputService.swift in Sources */,
				4EF0055722A3200900FEFCFD /* ConsoleIO.swift in Sources */,
			);
			runOnlyForDeploymentPostprocessing = 0;
		};
/* End PBXSourcesBuildPhase section */

/* Begin XCBuildConfiguration section */
		4EF0055122A31E9D00FEFCFD /* Debug */ = {
			isa = XCBuildConfiguration;
			buildSettings = {
				ALWAYS_SEARCH_USER_PATHS = NO;
				CLANG_ANALYZER_NONNULL = YES;
				CLANG_ANALYZER_NUMBER_OBJECT_CONVERSION = YES_AGGRESSIVE;
				CLANG_CXX_LANGUAGE_STANDARD = "gnu++14";
				CLANG_CXX_LIBRARY = "libc++";
				CLANG_ENABLE_MODULES = YES;
				CLANG_ENABLE_OBJC_ARC = YES;
				CLANG_ENABLE_OBJC_WEAK = YES;
				CLANG_WARN_BLOCK_CAPTURE_AUTORELEASING = YES;
				CLANG_WARN_BOOL_CONVERSION = YES;
				CLANG_WARN_COMMA = YES;
				CLANG_WARN_CONSTANT_CONVERSION = YES;
				CLANG_WARN_DEPRECATED_OBJC_IMPLEMENTATIONS = YES;
				CLANG_WARN_DIRECT_OBJC_ISA_USAGE = YES_ERROR;
				CLANG_WARN_DOCUMENTATION_COMMENTS = YES;
				CLANG_WARN_EMPTY_BODY = YES;
				CLANG_WARN_ENUM_CONVERSION = YES;
				CLANG_WARN_INFINITE_RECURSION = YES;
				CLANG_WARN_INT_CONVERSION = YES;
				CLANG_WARN_NON_LITERAL_NULL_CONVERSION = YES;
				CLANG_WARN_OBJC_IMPLICIT_RETAIN_SELF = YES;
				CLANG_WARN_OBJC_LITERAL_CONVERSION = YES;
				CLANG_WARN_OBJC_ROOT_CLASS = YES_ERROR;
				CLANG_WARN_RANGE_LOOP_ANALYSIS = YES;
				CLANG_WARN_STRICT_PROTOTYPES = YES;
				CLANG_WARN_SUSPICIOUS_MOVE = YES;
				CLANG_WARN_UNGUARDED_AVAILABILITY = YES_AGGRESSIVE;
				CLANG_WARN_UNREACHABLE_CODE = YES;
				CLANG_WARN__DUPLICATE_METHOD_MATCH = YES;
				CODE_SIGN_IDENTITY = "-";
				COPY_PHASE_STRIP = NO;
				DEBUG_INFORMATION_FORMAT = dwarf;
				ENABLE_STRICT_OBJC_MSGSEND = YES;
				ENABLE_TESTABILITY = YES;
				GCC_C_LANGUAGE_STANDARD = gnu11;
				GCC_DYNAMIC_NO_PIC = NO;
				GCC_NO_COMMON_BLOCKS = YES;
				GCC_OPTIMIZATION_LEVEL = 0;
				GCC_PREPROCESSOR_DEFINITIONS = (
					"DEBUG=1",
					"$(inherited)",
				);
				GCC_WARN_64_TO_32_BIT_CONVERSION = YES;
				GCC_WARN_ABOUT_RETURN_TYPE = YES_ERROR;
				GCC_WARN_UNDECLARED_SELECTOR = YES;
				GCC_WARN_UNINITIALIZED_AUTOS = YES_AGGRESSIVE;
				GCC_WARN_UNUSED_FUNCTION = YES;
				GCC_WARN_UNUSED_VARIABLE = YES;
				MACOSX_DEPLOYMENT_TARGET = 10.14;
				MTL_ENABLE_DEBUG_INFO = INCLUDE_SOURCE;
				MTL_FAST_MATH = YES;
				ONLY_ACTIVE_ARCH = YES;
				SDKROOT = macosx;
				SWIFT_ACTIVE_COMPILATION_CONDITIONS = DEBUG;
				SWIFT_OPTIMIZATION_LEVEL = "-Onone";
			};
			name = Debug;
		};
		4EF0055222A31E9D00FEFCFD /* Release */ = {
			isa = XCBuildConfiguration;
			buildSettings = {
				ALWAYS_SEARCH_USER_PATHS = NO;
				CLANG_ANALYZER_NONNULL = YES;
				CLANG_ANALYZER_NUMBER_OBJECT_CONVERSION = YES_AGGRESSIVE;
				CLANG_CXX_LANGUAGE_STANDARD = "gnu++14";
				CLANG_CXX_LIBRARY = "libc++";
				CLANG_ENABLE_MODULES = YES;
				CLANG_ENABLE_OBJC_ARC = YES;
				CLANG_ENABLE_OBJC_WEAK = YES;
				CLANG_WARN_BLOCK_CAPTURE_AUTORELEASING = YES;
				CLANG_WARN_BOOL_CONVERSION = YES;
				CLANG_WARN_COMMA = YES;
				CLANG_WARN_CONSTANT_CONVERSION = YES;
				CLANG_WARN_DEPRECATED_OBJC_IMPLEMENTATIONS = YES;
				CLANG_WARN_DIRECT_OBJC_ISA_USAGE = YES_ERROR;
				CLANG_WARN_DOCUMENTATION_COMMENTS = YES;
				CLANG_WARN_EMPTY_BODY = YES;
				CLANG_WARN_ENUM_CONVERSION = YES;
				CLANG_WARN_INFINITE_RECURSION = YES;
				CLANG_WARN_INT_CONVERSION = YES;
				CLANG_WARN_NON_LITERAL_NULL_CONVERSION = YES;
				CLANG_WARN_OBJC_IMPLICIT_RETAIN_SELF = YES;
				CLANG_WARN_OBJC_LITERAL_CONVERSION = YES;
				CLANG_WARN_OBJC_ROOT_CLASS = YES_ERROR;
				CLANG_WARN_RANGE_LOOP_ANALYSIS = YES;
				CLANG_WARN_STRICT_PROTOTYPES = YES;
				CLANG_WARN_SUSPICIOUS_MOVE = YES;
				CLANG_WARN_UNGUARDED_AVAILABILITY = YES_AGGRESSIVE;
				CLANG_WARN_UNREACHABLE_CODE = YES;
				CLANG_WARN__DUPLICATE_METHOD_MATCH = YES;
				CODE_SIGN_IDENTITY = "-";
				COPY_PHASE_STRIP = NO;
				DEBUG_INFORMATION_FORMAT = "dwarf-with-dsym";
				ENABLE_NS_ASSERTIONS = NO;
				ENABLE_STRICT_OBJC_MSGSEND = YES;
				GCC_C_LANGUAGE_STANDARD = gnu11;
				GCC_NO_COMMON_BLOCKS = YES;
				GCC_WARN_64_TO_32_BIT_CONVERSION = YES;
				GCC_WARN_ABOUT_RETURN_TYPE = YES_ERROR;
				GCC_WARN_UNDECLARED_SELECTOR = YES;
				GCC_WARN_UNINITIALIZED_AUTOS = YES_AGGRESSIVE;
				GCC_WARN_UNUSED_FUNCTION = YES;
				GCC_WARN_UNUSED_VARIABLE = YES;
				MACOSX_DEPLOYMENT_TARGET = 10.14;
				MTL_ENABLE_DEBUG_INFO = NO;
				MTL_FAST_MATH = YES;
				SDKROOT = macosx;
				SWIFT_COMPILATION_MODE = wholemodule;
				SWIFT_OPTIMIZATION_LEVEL = "-O";
			};
			name = Release;
		};
		4EF0055422A31E9D00FEFCFD /* Debug */ = {
			isa = XCBuildConfiguration;
			buildSettings = {
				CODE_SIGN_STYLE = Automatic;
				PRODUCT_NAME = "$(TARGET_NAME)";
				SWIFT_VERSION = 5.0;
			};
			name = Debug;
		};
		4EF0055522A31E9D00FEFCFD /* Release */ = {
			isa = XCBuildConfiguration;
			buildSettings = {
				CODE_SIGN_STYLE = Automatic;
				PRODUCT_NAME = "$(TARGET_NAME)";
				SWIFT_VERSION = 5.0;
			};
			name = Release;
		};
/* End XCBuildConfiguration section */

/* Begin XCConfigurationList section */
		4EF0054722A31E9D00FEFCFD /* Build configuration list for PBXProject "CantinaProblem" */ = {
			isa = XCConfigurationList;
			buildConfigurations = (
				4EF0055122A31E9D00FEFCFD /* Debug */,
				4EF0055222A31E9D00FEFCFD /* Release */,
			);
			defaultConfigurationIsVisible = 0;
			defaultConfigurationName = Release;
		};
		4EF0055322A31E9D00FEFCFD /* Build configuration list for PBXNativeTarget "CantinaProblem" */ = {
			isa = XCConfigurationList;
			buildConfigurations = (
				4EF0055422A31E9D00FEFCFD /* Debug */,
				4EF0055522A31E9D00FEFCFD /* Release */,
			);
			defaultConfigurationIsVisible = 0;
			defaultConfigurationName = Release;
		};
/* End XCConfigurationList section */
	};
	rootObject = 4EF0054422A31E9D00FEFCFD /* Project object */;
}
